
Microsoft Visual Studio Solution File, Format Version 12.00
# Visual Studio Version 17
VisualStudioVersion = 17.7.34024.191
MinimumVisualStudioVersion = 10.0.40219.1
Project("{FAE04EC0-301F-11D3-BF4B-00C04F79EFBC}") = "WindowsFormsAppLogin", "WindowsFormsAppLogin\WindowsFormsAppLogin.csproj", "{344844B2-6362-41EE-8FF6-3EBFC89643E5}"
EndProject
Global
	GlobalSection(SolutionConfigurationPlatforms) = preSolution
		Debug|Any CPU = Debug|Any CPU
		Release|Any CPU = Release|Any CPU
	EndGlobalSection
	GlobalSection(ProjectConfigurationPlatforms) = postSolution
		{344844B2-6362-41EE-8FF6-3EBFC89643E5}.Debug|Any CPU.ActiveCfg = Debug|Any CPU
		{344844B2-6362-41EE-8FF6-3EBFC89643E5}.Debug|Any CPU.Build.0 = Debug|Any CPU
		{344844B2-6362-41EE-8FF6-3EBFC89643E5}.Release|Any CPU.ActiveCfg = Release|Any CPU
		{344844B2-6362-41EE-8FF6-3EBFC89643E5}.Release|Any CPU.Build.0 = Release|Any CPU
	EndGlobalSection
	GlobalSection(SolutionProperties) = preSolution
		HideSolutionNode = FALSE
	EndGlobalSection
	GlobalSection(ExtensibilityGlobals) = postSolution
		SolutionGuid = {9468A88B-015D-4D43-831A-15D0C0012D61}
	EndGlobalSection
EndGlobal
